// !$*UTF8*$!
{
	archiveVersion = 1;
	classes = {
	};
	objectVersion = 55;
	objects = {

/* Begin PBXBuildFile section */
		0DD21B12A82DA57912F85CCF /* Pods_photo_gallery_challenge_photo_gallery_challengeUITests.framework in Frameworks */ = {isa = PBXBuildFile; fileRef = F304443BFF3097D4040B16A2 /* Pods_photo_gallery_challenge_photo_gallery_challengeUITests.framework */; };
		553F9C152B6FD22A00A8DFBD /* DetailButtonViewCell.swift in Sources */ = {isa = PBXBuildFile; fileRef = 553F9C142B6FD22A00A8DFBD /* DetailButtonViewCell.swift */; };
		554CFF432B6E986300D63C5E /* PhotoGalleryModel.xcdatamodeld in Sources */ = {isa = PBXBuildFile; fileRef = 554CFF412B6E986300D63C5E /* PhotoGalleryModel.xcdatamodeld */; };
		554CFF4A2B6E98E800D63C5E /* GalleryPhotoLocal+CoreDataProperties.swift in Sources */ = {isa = PBXBuildFile; fileRef = 554CFF482B6E98E800D63C5E /* GalleryPhotoLocal+CoreDataProperties.swift */; };
		554CFF4B2B6E98E800D63C5E /* GalleryPhotoLocal+CoreDataClass.swift in Sources */ = {isa = PBXBuildFile; fileRef = 554CFF492B6E98E800D63C5E /* GalleryPhotoLocal+CoreDataClass.swift */; };
		557A736A2B6C58180004E978 /* AppDelegate.swift in Sources */ = {isa = PBXBuildFile; fileRef = 557A73692B6C58180004E978 /* AppDelegate.swift */; };
		557A736C2B6C58180004E978 /* SceneDelegate.swift in Sources */ = {isa = PBXBuildFile; fileRef = 557A736B2B6C58180004E978 /* SceneDelegate.swift */; };
		557A73762B6C581E0004E978 /* Assets.xcassets in Resources */ = {isa = PBXBuildFile; fileRef = 557A73752B6C581E0004E978 /* Assets.xcassets */; };
		557A73792B6C581E0004E978 /* LaunchScreen.storyboard in Resources */ = {isa = PBXBuildFile; fileRef = 557A73772B6C581E0004E978 /* LaunchScreen.storyboard */; };
		557A738E2B6C581F0004E978 /* photo_gallery_challengeUITests.swift in Sources */ = {isa = PBXBuildFile; fileRef = 557A738D2B6C581F0004E978 /* photo_gallery_challengeUITests.swift */; };
		557A73902B6C581F0004E978 /* photo_gallery_challengeUITestsLaunchTests.swift in Sources */ = {isa = PBXBuildFile; fileRef = 557A738F2B6C581F0004E978 /* photo_gallery_challengeUITestsLaunchTests.swift */; };
		5592E4A92B6EB45600CF8BDC /* UIViewController+Extensions.swift in Sources */ = {isa = PBXBuildFile; fileRef = 5592E4A82B6EB45600CF8BDC /* UIViewController+Extensions.swift */; };
		5592E4AB2B6EC08100CF8BDC /* LoadingScreen.swift in Sources */ = {isa = PBXBuildFile; fileRef = 5592E4AA2B6EC08100CF8BDC /* LoadingScreen.swift */; };
		5592E4B02B6EDE9E00CF8BDC /* ErrorStrings.swift in Sources */ = {isa = PBXBuildFile; fileRef = 5592E4AF2B6EDE9E00CF8BDC /* ErrorStrings.swift */; };
		5592E4B22B6EE84500CF8BDC /* DetailInteractor.swift in Sources */ = {isa = PBXBuildFile; fileRef = 5592E4B12B6EE84500CF8BDC /* DetailInteractor.swift */; };
		5592E4B42B6EE85B00CF8BDC /* DetailRouter.swift in Sources */ = {isa = PBXBuildFile; fileRef = 5592E4B32B6EE85B00CF8BDC /* DetailRouter.swift */; };
		5592E4B62B6EE86400CF8BDC /* DetailPresenter.swift in Sources */ = {isa = PBXBuildFile; fileRef = 5592E4B52B6EE86400CF8BDC /* DetailPresenter.swift */; };
		5592E4B82B6EE86D00CF8BDC /* DetailInterfaces.swift in Sources */ = {isa = PBXBuildFile; fileRef = 5592E4B72B6EE86D00CF8BDC /* DetailInterfaces.swift */; };
		5592E4BB2B6EE88700CF8BDC /* DetailViewController.swift in Sources */ = {isa = PBXBuildFile; fileRef = 5592E4BA2B6EE88700CF8BDC /* DetailViewController.swift */; };
		5592E4BD2B6EE89300CF8BDC /* DetailImageViewCell.swift in Sources */ = {isa = PBXBuildFile; fileRef = 5592E4BC2B6EE89300CF8BDC /* DetailImageViewCell.swift */; };
		5592E4BF2B6EED0D00CF8BDC /* BaseRouter.swift in Sources */ = {isa = PBXBuildFile; fileRef = 5592E4BE2B6EED0D00CF8BDC /* BaseRouter.swift */; };
		5592E4C22B6EEF9400CF8BDC /* DetailInfoViewCell.swift in Sources */ = {isa = PBXBuildFile; fileRef = 5592E4C12B6EEF9400CF8BDC /* DetailInfoViewCell.swift */; };
		5592E4C42B6EF2F800CF8BDC /* DetailViewController.xib in Resources */ = {isa = PBXBuildFile; fileRef = 5592E4C32B6EF2F800CF8BDC /* DetailViewController.xib */; };
		55964EF12B6C659300C41B26 /* HomeInteractor.swift in Sources */ = {isa = PBXBuildFile; fileRef = 55964EF02B6C659300C41B26 /* HomeInteractor.swift */; };
		55964EF32B6C65AB00C41B26 /* HomeRouter.swift in Sources */ = {isa = PBXBuildFile; fileRef = 55964EF22B6C65AB00C41B26 /* HomeRouter.swift */; };
		55964EF52B6C65C200C41B26 /* HomePresenter.swift in Sources */ = {isa = PBXBuildFile; fileRef = 55964EF42B6C65C200C41B26 /* HomePresenter.swift */; };
		55964EF72B6C670C00C41B26 /* HomeInterfaces.swift in Sources */ = {isa = PBXBuildFile; fileRef = 55964EF62B6C670C00C41B26 /* HomeInterfaces.swift */; };
		5596FDF72B7051130076DED6 /* MockHomeInteractor.swift in Sources */ = {isa = PBXBuildFile; fileRef = 5596FDF62B7051130076DED6 /* MockHomeInteractor.swift */; };
		5596FDF92B7051D80076DED6 /* MockHomeRouter.swift in Sources */ = {isa = PBXBuildFile; fileRef = 5596FDF82B7051D80076DED6 /* MockHomeRouter.swift */; };
		5596FDFB2B7052660076DED6 /* MockHomeView.swift in Sources */ = {isa = PBXBuildFile; fileRef = 5596FDFA2B7052660076DED6 /* MockHomeView.swift */; };
		5596FDFD2B7054A60076DED6 /* HomeInteractorTests.swift in Sources */ = {isa = PBXBuildFile; fileRef = 5596FDFC2B7054A60076DED6 /* HomeInteractorTests.swift */; };
		5596FE042B70559D0076DED6 /* MockServiceManager.swift in Sources */ = {isa = PBXBuildFile; fileRef = 5596FE032B70559D0076DED6 /* MockServiceManager.swift */; };
		5596FE062B7055BB0076DED6 /* MockLocalStorageManager.swift in Sources */ = {isa = PBXBuildFile; fileRef = 5596FE052B7055BB0076DED6 /* MockLocalStorageManager.swift */; };
		5596FE082B7058F80076DED6 /* FileManager+Extensions.swift in Sources */ = {isa = PBXBuildFile; fileRef = 5596FE072B7058F80076DED6 /* FileManager+Extensions.swift */; };
		5596FE0D2B7066FB0076DED6 /* GalleryPhoto.json in Resources */ = {isa = PBXBuildFile; fileRef = 5596FE0C2B7066FB0076DED6 /* GalleryPhoto.json */; };
		55AE44F62B6EA99F001547F5 /* Describable.swift in Sources */ = {isa = PBXBuildFile; fileRef = 55AE44F52B6EA99F001547F5 /* Describable.swift */; };
		55BFADC32B6EA66B0021859C /* CollectionViewHorizontalCustom.swift in Sources */ = {isa = PBXBuildFile; fileRef = 55BFADC22B6EA66B0021859C /* CollectionViewHorizontalCustom.swift */; };
		55BFADC52B6EA6B40021859C /* PhotoViewCell.swift in Sources */ = {isa = PBXBuildFile; fileRef = 55BFADC42B6EA6B40021859C /* PhotoViewCell.swift */; };
		55D98EB92B6FF6F500BA23FF /* gallery-icon.png in Resources */ = {isa = PBXBuildFile; fileRef = 55D98EB82B6FF6F500BA23FF /* gallery-icon.png */; };
		55E195762B6D275200922FBB /* HomeViewController.swift in Sources */ = {isa = PBXBuildFile; fileRef = 55E195752B6D275200922FBB /* HomeViewController.swift */; };
		55E1957C2B6D8F7000922FBB /* CoreDataStack.swift in Sources */ = {isa = PBXBuildFile; fileRef = 55E1957B2B6D8F7000922FBB /* CoreDataStack.swift */; };
		55E195822B6D92E500922FBB /* CoreDataPhotoManager.swift in Sources */ = {isa = PBXBuildFile; fileRef = 55E195812B6D92E500922FBB /* CoreDataPhotoManager.swift */; };
		55E195A72B6D9DAA00922FBB /* GalleryPhoto.swift in Sources */ = {isa = PBXBuildFile; fileRef = 55E195A62B6D9DAA00922FBB /* GalleryPhoto.swift */; };
		55E195A92B6DA0EF00922FBB /* NetworkManager.swift in Sources */ = {isa = PBXBuildFile; fileRef = 55E195A82B6DA0EF00922FBB /* NetworkManager.swift */; };
		55E195AD2B6DA1DA00922FBB /* BaseNetworkService.swift in Sources */ = {isa = PBXBuildFile; fileRef = 55E195AC2B6DA1DA00922FBB /* BaseNetworkService.swift */; };
		55E195AF2B6DB30800922FBB /* ConnectivityService.swift in Sources */ = {isa = PBXBuildFile; fileRef = 55E195AE2B6DB30700922FBB /* ConnectivityService.swift */; };
		55EC997C2B6FFF1900C352DE /* HomePresenterTests.swift in Sources */ = {isa = PBXBuildFile; fileRef = 55EC997B2B6FFF1900C352DE /* HomePresenterTests.swift */; };
		837B9905863ACBEBF1E10C46 /* Pods_photo_gallery_challengeTests.framework in Frameworks */ = {isa = PBXBuildFile; fileRef = E5026CF3B91EDE0C264F503F /* Pods_photo_gallery_challengeTests.framework */; };
		D6D10E3AC30C23AB45466B2D /* Pods_photo_gallery_challenge.framework in Frameworks */ = {isa = PBXBuildFile; fileRef = AB60AE2BF9FE80DD5FC2805C /* Pods_photo_gallery_challenge.framework */; };
/* End PBXBuildFile section */

/* Begin PBXContainerItemProxy section */
		557A73802B6C581F0004E978 /* PBXContainerItemProxy */ = {
			isa = PBXContainerItemProxy;
			containerPortal = 557A735E2B6C58180004E978 /* Project object */;
			proxyType = 1;
			remoteGlobalIDString = 557A73652B6C58180004E978;
			remoteInfo = "photo-gallery-challenge";
		};
		557A738A2B6C581F0004E978 /* PBXContainerItemProxy */ = {
			isa = PBXContainerItemProxy;
			containerPortal = 557A735E2B6C58180004E978 /* Project object */;
			proxyType = 1;
			remoteGlobalIDString = 557A73652B6C58180004E978;
			remoteInfo = "photo-gallery-challenge";
		};
/* End PBXContainerItemProxy section */

/* Begin PBXFileReference section */
		407B134FFBCEA0FB5FF404C4 /* Pods-photo-gallery-challenge.release.xcconfig */ = {isa = PBXFileReference; includeInIndex = 1; lastKnownFileType = text.xcconfig; name = "Pods-photo-gallery-challenge.release.xcconfig"; path = "Target Support Files/Pods-photo-gallery-challenge/Pods-photo-gallery-challenge.release.xcconfig"; sourceTree = "<group>"; };
		553F9C142B6FD22A00A8DFBD /* DetailButtonViewCell.swift */ = {isa = PBXFileReference; lastKnownFileType = sourcecode.swift; path = DetailButtonViewCell.swift; sourceTree = "<group>"; };
		554CFF422B6E986300D63C5E /* PhotoGalleryModel.xcdatamodel */ = {isa = PBXFileReference; lastKnownFileType = wrapper.xcdatamodel; path = PhotoGalleryModel.xcdatamodel; sourceTree = "<group>"; };
		554CFF482B6E98E800D63C5E /* GalleryPhotoLocal+CoreDataProperties.swift */ = {isa = PBXFileReference; fileEncoding = 4; lastKnownFileType = sourcecode.swift; path = "GalleryPhotoLocal+CoreDataProperties.swift"; sourceTree = "<group>"; };
		554CFF492B6E98E800D63C5E /* GalleryPhotoLocal+CoreDataClass.swift */ = {isa = PBXFileReference; fileEncoding = 4; lastKnownFileType = sourcecode.swift; path = "GalleryPhotoLocal+CoreDataClass.swift"; sourceTree = "<group>"; };
		557A73662B6C58180004E978 /* photo-gallery-challenge.app */ = {isa = PBXFileReference; explicitFileType = wrapper.application; includeInIndex = 0; path = "photo-gallery-challenge.app"; sourceTree = BUILT_PRODUCTS_DIR; };
		557A73692B6C58180004E978 /* AppDelegate.swift */ = {isa = PBXFileReference; lastKnownFileType = sourcecode.swift; path = AppDelegate.swift; sourceTree = "<group>"; };
		557A736B2B6C58180004E978 /* SceneDelegate.swift */ = {isa = PBXFileReference; lastKnownFileType = sourcecode.swift; path = SceneDelegate.swift; sourceTree = "<group>"; };
		557A73752B6C581E0004E978 /* Assets.xcassets */ = {isa = PBXFileReference; lastKnownFileType = folder.assetcatalog; path = Assets.xcassets; sourceTree = "<group>"; };
		557A73782B6C581E0004E978 /* Base */ = {isa = PBXFileReference; lastKnownFileType = file.storyboard; name = Base; path = Base.lproj/LaunchScreen.storyboard; sourceTree = "<group>"; };
		557A737A2B6C581E0004E978 /* Info.plist */ = {isa = PBXFileReference; lastKnownFileType = text.plist.xml; path = Info.plist; sourceTree = "<group>"; };
		557A737F2B6C581F0004E978 /* photo-gallery-challengeTests.xctest */ = {isa = PBXFileReference; explicitFileType = wrapper.cfbundle; includeInIndex = 0; path = "photo-gallery-challengeTests.xctest"; sourceTree = BUILT_PRODUCTS_DIR; };
		557A73892B6C581F0004E978 /* photo-gallery-challengeUITests.xctest */ = {isa = PBXFileReference; explicitFileType = wrapper.cfbundle; includeInIndex = 0; path = "photo-gallery-challengeUITests.xctest"; sourceTree = BUILT_PRODUCTS_DIR; };
		557A738D2B6C581F0004E978 /* photo_gallery_challengeUITests.swift */ = {isa = PBXFileReference; lastKnownFileType = sourcecode.swift; path = photo_gallery_challengeUITests.swift; sourceTree = "<group>"; };
		557A738F2B6C581F0004E978 /* photo_gallery_challengeUITestsLaunchTests.swift */ = {isa = PBXFileReference; lastKnownFileType = sourcecode.swift; path = photo_gallery_challengeUITestsLaunchTests.swift; sourceTree = "<group>"; };
		5592E4A82B6EB45600CF8BDC /* UIViewController+Extensions.swift */ = {isa = PBXFileReference; lastKnownFileType = sourcecode.swift; path = "UIViewController+Extensions.swift"; sourceTree = "<group>"; };
		5592E4AA2B6EC08100CF8BDC /* LoadingScreen.swift */ = {isa = PBXFileReference; lastKnownFileType = sourcecode.swift; path = LoadingScreen.swift; sourceTree = "<group>"; };
		5592E4AF2B6EDE9E00CF8BDC /* ErrorStrings.swift */ = {isa = PBXFileReference; lastKnownFileType = sourcecode.swift; path = ErrorStrings.swift; sourceTree = "<group>"; };
		5592E4B12B6EE84500CF8BDC /* DetailInteractor.swift */ = {isa = PBXFileReference; lastKnownFileType = sourcecode.swift; path = DetailInteractor.swift; sourceTree = "<group>"; };
		5592E4B32B6EE85B00CF8BDC /* DetailRouter.swift */ = {isa = PBXFileReference; lastKnownFileType = sourcecode.swift; path = DetailRouter.swift; sourceTree = "<group>"; };
		5592E4B52B6EE86400CF8BDC /* DetailPresenter.swift */ = {isa = PBXFileReference; lastKnownFileType = sourcecode.swift; path = DetailPresenter.swift; sourceTree = "<group>"; };
		5592E4B72B6EE86D00CF8BDC /* DetailInterfaces.swift */ = {isa = PBXFileReference; lastKnownFileType = sourcecode.swift; path = DetailInterfaces.swift; sourceTree = "<group>"; };
		5592E4BA2B6EE88700CF8BDC /* DetailViewController.swift */ = {isa = PBXFileReference; lastKnownFileType = sourcecode.swift; path = DetailViewController.swift; sourceTree = "<group>"; };
		5592E4BC2B6EE89300CF8BDC /* DetailImageViewCell.swift */ = {isa = PBXFileReference; lastKnownFileType = sourcecode.swift; path = DetailImageViewCell.swift; sourceTree = "<group>"; };
		5592E4BE2B6EED0D00CF8BDC /* BaseRouter.swift */ = {isa = PBXFileReference; lastKnownFileType = sourcecode.swift; path = BaseRouter.swift; sourceTree = "<group>"; };
		5592E4C12B6EEF9400CF8BDC /* DetailInfoViewCell.swift */ = {isa = PBXFileReference; lastKnownFileType = sourcecode.swift; path = DetailInfoViewCell.swift; sourceTree = "<group>"; };
		5592E4C32B6EF2F800CF8BDC /* DetailViewController.xib */ = {isa = PBXFileReference; lastKnownFileType = file.xib; path = DetailViewController.xib; sourceTree = "<group>"; };
		55964EF02B6C659300C41B26 /* HomeInteractor.swift */ = {isa = PBXFileReference; lastKnownFileType = sourcecode.swift; path = HomeInteractor.swift; sourceTree = "<group>"; };
		55964EF22B6C65AB00C41B26 /* HomeRouter.swift */ = {isa = PBXFileReference; lastKnownFileType = sourcecode.swift; path = HomeRouter.swift; sourceTree = "<group>"; };
		55964EF42B6C65C200C41B26 /* HomePresenter.swift */ = {isa = PBXFileReference; lastKnownFileType = sourcecode.swift; path = HomePresenter.swift; sourceTree = "<group>"; };
		55964EF62B6C670C00C41B26 /* HomeInterfaces.swift */ = {isa = PBXFileReference; lastKnownFileType = sourcecode.swift; path = HomeInterfaces.swift; sourceTree = "<group>"; };
		5596FDF62B7051130076DED6 /* MockHomeInteractor.swift */ = {isa = PBXFileReference; lastKnownFileType = sourcecode.swift; path = MockHomeInteractor.swift; sourceTree = "<group>"; };
		5596FDF82B7051D80076DED6 /* MockHomeRouter.swift */ = {isa = PBXFileReference; lastKnownFileType = sourcecode.swift; path = MockHomeRouter.swift; sourceTree = "<group>"; };
		5596FDFA2B7052660076DED6 /* MockHomeView.swift */ = {isa = PBXFileReference; lastKnownFileType = sourcecode.swift; path = MockHomeView.swift; sourceTree = "<group>"; };
		5596FDFC2B7054A60076DED6 /* HomeInteractorTests.swift */ = {isa = PBXFileReference; lastKnownFileType = sourcecode.swift; path = HomeInteractorTests.swift; sourceTree = "<group>"; };
		5596FE032B70559D0076DED6 /* MockServiceManager.swift */ = {isa = PBXFileReference; lastKnownFileType = sourcecode.swift; path = MockServiceManager.swift; sourceTree = "<group>"; };
		5596FE052B7055BB0076DED6 /* MockLocalStorageManager.swift */ = {isa = PBXFileReference; lastKnownFileType = sourcecode.swift; path = MockLocalStorageManager.swift; sourceTree = "<group>"; };
		5596FE072B7058F80076DED6 /* FileManager+Extensions.swift */ = {isa = PBXFileReference; lastKnownFileType = sourcecode.swift; path = "FileManager+Extensions.swift"; sourceTree = "<group>"; };
		5596FE0C2B7066FB0076DED6 /* GalleryPhoto.json */ = {isa = PBXFileReference; fileEncoding = 4; lastKnownFileType = text.json; path = GalleryPhoto.json; sourceTree = "<group>"; };
		55AE44F52B6EA99F001547F5 /* Describable.swift */ = {isa = PBXFileReference; lastKnownFileType = sourcecode.swift; path = Describable.swift; sourceTree = "<group>"; };
		55BFADC22B6EA66B0021859C /* CollectionViewHorizontalCustom.swift */ = {isa = PBXFileReference; lastKnownFileType = sourcecode.swift; path = CollectionViewHorizontalCustom.swift; sourceTree = "<group>"; };
		55BFADC42B6EA6B40021859C /* PhotoViewCell.swift */ = {isa = PBXFileReference; lastKnownFileType = sourcecode.swift; path = PhotoViewCell.swift; sourceTree = "<group>"; };
		55D98EB82B6FF6F500BA23FF /* gallery-icon.png */ = {isa = PBXFileReference; lastKnownFileType = image.png; path = "gallery-icon.png"; sourceTree = "<group>"; };
		55E195752B6D275200922FBB /* HomeViewController.swift */ = {isa = PBXFileReference; lastKnownFileType = sourcecode.swift; path = HomeViewController.swift; sourceTree = "<group>"; };
		55E1957B2B6D8F7000922FBB /* CoreDataStack.swift */ = {isa = PBXFileReference; lastKnownFileType = sourcecode.swift; path = CoreDataStack.swift; sourceTree = "<group>"; };
		55E195812B6D92E500922FBB /* CoreDataPhotoManager.swift */ = {isa = PBXFileReference; lastKnownFileType = sourcecode.swift; path = CoreDataPhotoManager.swift; sourceTree = "<group>"; };
		55E195A62B6D9DAA00922FBB /* GalleryPhoto.swift */ = {isa = PBXFileReference; lastKnownFileType = sourcecode.swift; path = GalleryPhoto.swift; sourceTree = "<group>"; };
		55E195A82B6DA0EF00922FBB /* NetworkManager.swift */ = {isa = PBXFileReference; lastKnownFileType = sourcecode.swift; path = NetworkManager.swift; sourceTree = "<group>"; };
		55E195AC2B6DA1DA00922FBB /* BaseNetworkService.swift */ = {isa = PBXFileReference; lastKnownFileType = sourcecode.swift; path = BaseNetworkService.swift; sourceTree = "<group>"; };
		55E195AE2B6DB30700922FBB /* ConnectivityService.swift */ = {isa = PBXFileReference; lastKnownFileType = sourcecode.swift; path = ConnectivityService.swift; sourceTree = "<group>"; };
		55EC997B2B6FFF1900C352DE /* HomePresenterTests.swift */ = {isa = PBXFileReference; lastKnownFileType = sourcecode.swift; path = HomePresenterTests.swift; sourceTree = "<group>"; };
		8E430BF2F18118FD2D501A10 /* Pods-photo-gallery-challenge-photo-gallery-challengeUITests.debug.xcconfig */ = {isa = PBXFileReference; includeInIndex = 1; lastKnownFileType = text.xcconfig; name = "Pods-photo-gallery-challenge-photo-gallery-challengeUITests.debug.xcconfig"; path = "Target Support Files/Pods-photo-gallery-challenge-photo-gallery-challengeUITests/Pods-photo-gallery-challenge-photo-gallery-challengeUITests.debug.xcconfig"; sourceTree = "<group>"; };
		AAAFD2D9DA2A835D771D1D57 /* Pods-photo-gallery-challengeTests.debug.xcconfig */ = {isa = PBXFileReference; includeInIndex = 1; lastKnownFileType = text.xcconfig; name = "Pods-photo-gallery-challengeTests.debug.xcconfig"; path = "Target Support Files/Pods-photo-gallery-challengeTests/Pods-photo-gallery-challengeTests.debug.xcconfig"; sourceTree = "<group>"; };
		AB60AE2BF9FE80DD5FC2805C /* Pods_photo_gallery_challenge.framework */ = {isa = PBXFileReference; explicitFileType = wrapper.framework; includeInIndex = 0; path = Pods_photo_gallery_challenge.framework; sourceTree = BUILT_PRODUCTS_DIR; };
		B3B2B0245FE1D0C2AE829125 /* Pods-photo-gallery-challengeTests.release.xcconfig */ = {isa = PBXFileReference; includeInIndex = 1; lastKnownFileType = text.xcconfig; name = "Pods-photo-gallery-challengeTests.release.xcconfig"; path = "Target Support Files/Pods-photo-gallery-challengeTests/Pods-photo-gallery-challengeTests.release.xcconfig"; sourceTree = "<group>"; };
		CB1C8A9943FE4E79A786C057 /* Pods-photo-gallery-challenge.debug.xcconfig */ = {isa = PBXFileReference; includeInIndex = 1; lastKnownFileType = text.xcconfig; name = "Pods-photo-gallery-challenge.debug.xcconfig"; path = "Target Support Files/Pods-photo-gallery-challenge/Pods-photo-gallery-challenge.debug.xcconfig"; sourceTree = "<group>"; };
		E5026CF3B91EDE0C264F503F /* Pods_photo_gallery_challengeTests.framework */ = {isa = PBXFileReference; explicitFileType = wrapper.framework; includeInIndex = 0; path = Pods_photo_gallery_challengeTests.framework; sourceTree = BUILT_PRODUCTS_DIR; };
		F304443BFF3097D4040B16A2 /* Pods_photo_gallery_challenge_photo_gallery_challengeUITests.framework */ = {isa = PBXFileReference; explicitFileType = wrapper.framework; includeInIndex = 0; path = Pods_photo_gallery_challenge_photo_gallery_challengeUITests.framework; sourceTree = BUILT_PRODUCTS_DIR; };
		FF4A61A35B0EA16D3BFED18A /* Pods-photo-gallery-challenge-photo-gallery-challengeUITests.release.xcconfig */ = {isa = PBXFileReference; includeInIndex = 1; lastKnownFileType = text.xcconfig; name = "Pods-photo-gallery-challenge-photo-gallery-challengeUITests.release.xcconfig"; path = "Target Support Files/Pods-photo-gallery-challenge-photo-gallery-challengeUITests/Pods-photo-gallery-challenge-photo-gallery-challengeUITests.release.xcconfig"; sourceTree = "<group>"; };
/* End PBXFileReference section */

/* Begin PBXFrameworksBuildPhase section */
		557A73632B6C58180004E978 /* Frameworks */ = {
			isa = PBXFrameworksBuildPhase;
			buildActionMask = 2147483647;
			files = (
				D6D10E3AC30C23AB45466B2D /* Pods_photo_gallery_challenge.framework in Frameworks */,
			);
			runOnlyForDeploymentPostprocessing = 0;
		};
		557A737C2B6C581F0004E978 /* Frameworks */ = {
			isa = PBXFrameworksBuildPhase;
			buildActionMask = 2147483647;
			files = (
				837B9905863ACBEBF1E10C46 /* Pods_photo_gallery_challengeTests.framework in Frameworks */,
			);
			runOnlyForDeploymentPostprocessing = 0;
		};
		557A73862B6C581F0004E978 /* Frameworks */ = {
			isa = PBXFrameworksBuildPhase;
			buildActionMask = 2147483647;
			files = (
				0DD21B12A82DA57912F85CCF /* Pods_photo_gallery_challenge_photo_gallery_challengeUITests.framework in Frameworks */,
			);
			runOnlyForDeploymentPostprocessing = 0;
		};
/* End PBXFrameworksBuildPhase section */

/* Begin PBXGroup section */
		557A735D2B6C58180004E978 = {
			isa = PBXGroup;
			children = (
				557A73682B6C58180004E978 /* photo-gallery-challenge */,
				557A73822B6C581F0004E978 /* photo-gallery-challengeTests */,
				557A738C2B6C581F0004E978 /* photo-gallery-challengeUITests */,
				557A73672B6C58180004E978 /* Products */,
				8A5C48FB35CE3CE91C496ED6 /* Pods */,
				5764FBF681EDDA685DB91916 /* Frameworks */,
			);
			sourceTree = "<group>";
		};
		557A73672B6C58180004E978 /* Products */ = {
			isa = PBXGroup;
			children = (
				557A73662B6C58180004E978 /* photo-gallery-challenge.app */,
				557A737F2B6C581F0004E978 /* photo-gallery-challengeTests.xctest */,
				557A73892B6C581F0004E978 /* photo-gallery-challengeUITests.xctest */,
			);
			name = Products;
			sourceTree = "<group>";
		};
		557A73682B6C58180004E978 /* photo-gallery-challenge */ = {
			isa = PBXGroup;
			children = (
				557A737A2B6C581E0004E978 /* Info.plist */,
				557A73692B6C58180004E978 /* AppDelegate.swift */,
				557A736B2B6C58180004E978 /* SceneDelegate.swift */,
				557A73752B6C581E0004E978 /* Assets.xcassets */,
				557A73772B6C581E0004E978 /* LaunchScreen.storyboard */,
				55964EEB2B6C614900C41B26 /* Common */,
				55964EEA2B6C613E00C41B26 /* Modules */,
			);
			path = "photo-gallery-challenge";
			sourceTree = "<group>";
		};
		557A73822B6C581F0004E978 /* photo-gallery-challengeTests */ = {
			isa = PBXGroup;
			children = (
				5596FE002B70557D0076DED6 /* Common */,
				5596FDFE2B70555D0076DED6 /* Modules */,
			);
			path = "photo-gallery-challengeTests";
			sourceTree = "<group>";
		};
		557A738C2B6C581F0004E978 /* photo-gallery-challengeUITests */ = {
			isa = PBXGroup;
			children = (
				557A738D2B6C581F0004E978 /* photo_gallery_challengeUITests.swift */,
				557A738F2B6C581F0004E978 /* photo_gallery_challengeUITestsLaunchTests.swift */,
			);
			path = "photo-gallery-challengeUITests";
			sourceTree = "<group>";
		};
		5592E4AE2B6EDE9300CF8BDC /* Resources */ = {
			isa = PBXGroup;
			children = (
				55D98EB72B6FF6C600BA23FF /* Images */,
				5592E4AF2B6EDE9E00CF8BDC /* ErrorStrings.swift */,
			);
			path = Resources;
			sourceTree = "<group>";
		};
		5592E4B92B6EE87900CF8BDC /* View */ = {
			isa = PBXGroup;
			children = (
				5592E4C02B6EEF7800CF8BDC /* Sections */,
				5592E4BA2B6EE88700CF8BDC /* DetailViewController.swift */,
				5592E4C32B6EF2F800CF8BDC /* DetailViewController.xib */,
			);
			path = View;
			sourceTree = "<group>";
		};
		5592E4C02B6EEF7800CF8BDC /* Sections */ = {
			isa = PBXGroup;
			children = (
				5592E4BC2B6EE89300CF8BDC /* DetailImageViewCell.swift */,
				5592E4C12B6EEF9400CF8BDC /* DetailInfoViewCell.swift */,
				553F9C142B6FD22A00A8DFBD /* DetailButtonViewCell.swift */,
			);
			path = Sections;
			sourceTree = "<group>";
		};
		55964EEA2B6C613E00C41B26 /* Modules */ = {
			isa = PBXGroup;
			children = (
				55964EED2B6C615A00C41B26 /* Detail */,
				55964EEC2B6C615100C41B26 /* Home */,
			);
			path = Modules;
			sourceTree = "<group>";
		};
		55964EEB2B6C614900C41B26 /* Common */ = {
			isa = PBXGroup;
			children = (
				5592E4AE2B6EDE9300CF8BDC /* Resources */,
				55AE44F42B6EA993001547F5 /* Extension */,
				55BFADC12B6EA65D0021859C /* UI */,
				55E195A22B6D9D3800922FBB /* Models */,
				55E195A12B6D9D2500922FBB /* Network */,
				55E1957A2B6D8E8400922FBB /* Persistence */,
			);
			path = Common;
			sourceTree = "<group>";
		};
		55964EEC2B6C615100C41B26 /* Home */ = {
			isa = PBXGroup;
			children = (
				55E195742B6D274000922FBB /* View */,
				55964EF62B6C670C00C41B26 /* HomeInterfaces.swift */,
				55964EF42B6C65C200C41B26 /* HomePresenter.swift */,
				55964EF22B6C65AB00C41B26 /* HomeRouter.swift */,
				55964EF02B6C659300C41B26 /* HomeInteractor.swift */,
			);
			path = Home;
			sourceTree = "<group>";
		};
		55964EED2B6C615A00C41B26 /* Detail */ = {
			isa = PBXGroup;
			children = (
				5592E4B92B6EE87900CF8BDC /* View */,
				5592E4B12B6EE84500CF8BDC /* DetailInteractor.swift */,
				5592E4B32B6EE85B00CF8BDC /* DetailRouter.swift */,
				5592E4B52B6EE86400CF8BDC /* DetailPresenter.swift */,
				5592E4B72B6EE86D00CF8BDC /* DetailInterfaces.swift */,
			);
			path = Detail;
			sourceTree = "<group>";
		};
		5596FDF52B7051030076DED6 /* Mocks */ = {
			isa = PBXGroup;
			children = (
				5596FDF62B7051130076DED6 /* MockHomeInteractor.swift */,
				5596FDF82B7051D80076DED6 /* MockHomeRouter.swift */,
				5596FDFA2B7052660076DED6 /* MockHomeView.swift */,
			);
			path = Mocks;
			sourceTree = "<group>";
		};
		5596FDFE2B70555D0076DED6 /* Modules */ = {
			isa = PBXGroup;
			children = (
				5596FDFF2B7055680076DED6 /* Home */,
			);
			path = Modules;
			sourceTree = "<group>";
		};
		5596FDFF2B7055680076DED6 /* Home */ = {
			isa = PBXGroup;
			children = (
				5596FDFC2B7054A60076DED6 /* HomeInteractorTests.swift */,
				55EC997B2B6FFF1900C352DE /* HomePresenterTests.swift */,
				5596FDF52B7051030076DED6 /* Mocks */,
				5596FE092B70593D0076DED6 /* Stubs */,
			);
			path = Home;
			sourceTree = "<group>";
		};
		5596FE002B70557D0076DED6 /* Common */ = {
			isa = PBXGroup;
			children = (
				5596FE022B70558F0076DED6 /* Persistence */,
				5596FE012B7055880076DED6 /* Network */,
			);
			path = Common;
			sourceTree = "<group>";
		};
		5596FE012B7055880076DED6 /* Network */ = {
			isa = PBXGroup;
			children = (
				5596FE032B70559D0076DED6 /* MockServiceManager.swift */,
			);
			path = Network;
			sourceTree = "<group>";
		};
		5596FE022B70558F0076DED6 /* Persistence */ = {
			isa = PBXGroup;
			children = (
				5596FE052B7055BB0076DED6 /* MockLocalStorageManager.swift */,
			);
			path = Persistence;
			sourceTree = "<group>";
		};
		5596FE092B70593D0076DED6 /* Stubs */ = {
			isa = PBXGroup;
			children = (
				5596FE0C2B7066FB0076DED6 /* GalleryPhoto.json */,
			);
			path = Stubs;
			sourceTree = "<group>";
		};
		55AE44F42B6EA993001547F5 /* Extension */ = {
			isa = PBXGroup;
			children = (
				55AE44F52B6EA99F001547F5 /* Describable.swift */,
				5592E4A82B6EB45600CF8BDC /* UIViewController+Extensions.swift */,
				5596FE072B7058F80076DED6 /* FileManager+Extensions.swift */,
			);
			path = Extension;
			sourceTree = "<group>";
		};
		55BFADC12B6EA65D0021859C /* UI */ = {
			isa = PBXGroup;
			children = (
				55BFADC22B6EA66B0021859C /* CollectionViewHorizontalCustom.swift */,
				5592E4AA2B6EC08100CF8BDC /* LoadingScreen.swift */,
				5592E4BE2B6EED0D00CF8BDC /* BaseRouter.swift */,
			);
			path = UI;
			sourceTree = "<group>";
		};
		55D98EB72B6FF6C600BA23FF /* Images */ = {
			isa = PBXGroup;
			children = (
				55D98EB82B6FF6F500BA23FF /* gallery-icon.png */,
			);
			path = Images;
			sourceTree = "<group>";
		};
		55E195742B6D274000922FBB /* View */ = {
			isa = PBXGroup;
			children = (
				55E195752B6D275200922FBB /* HomeViewController.swift */,
				55BFADC42B6EA6B40021859C /* PhotoViewCell.swift */,
			);
			path = View;
			sourceTree = "<group>";
		};
		55E1957A2B6D8E8400922FBB /* Persistence */ = {
			isa = PBXGroup;
			children = (
				554CFF492B6E98E800D63C5E /* GalleryPhotoLocal+CoreDataClass.swift */,
				554CFF482B6E98E800D63C5E /* GalleryPhotoLocal+CoreDataProperties.swift */,
				55E1957B2B6D8F7000922FBB /* CoreDataStack.swift */,
				55E195812B6D92E500922FBB /* CoreDataPhotoManager.swift */,
				554CFF412B6E986300D63C5E /* PhotoGalleryModel.xcdatamodeld */,
			);
			path = Persistence;
			sourceTree = "<group>";
		};
		55E195A12B6D9D2500922FBB /* Network */ = {
			isa = PBXGroup;
			children = (
				55E195A82B6DA0EF00922FBB /* NetworkManager.swift */,
				55E195AC2B6DA1DA00922FBB /* BaseNetworkService.swift */,
				55E195AE2B6DB30700922FBB /* ConnectivityService.swift */,
			);
			path = Network;
			sourceTree = "<group>";
		};
		55E195A22B6D9D3800922FBB /* Models */ = {
			isa = PBXGroup;
			children = (
				55E195A62B6D9DAA00922FBB /* GalleryPhoto.swift */,
			);
			path = Models;
			sourceTree = "<group>";
		};
		5764FBF681EDDA685DB91916 /* Frameworks */ = {
			isa = PBXGroup;
			children = (
				AB60AE2BF9FE80DD5FC2805C /* Pods_photo_gallery_challenge.framework */,
				F304443BFF3097D4040B16A2 /* Pods_photo_gallery_challenge_photo_gallery_challengeUITests.framework */,
				E5026CF3B91EDE0C264F503F /* Pods_photo_gallery_challengeTests.framework */,
			);
			name = Frameworks;
			sourceTree = "<group>";
		};
		8A5C48FB35CE3CE91C496ED6 /* Pods */ = {
			isa = PBXGroup;
			children = (
				CB1C8A9943FE4E79A786C057 /* Pods-photo-gallery-challenge.debug.xcconfig */,
				407B134FFBCEA0FB5FF404C4 /* Pods-photo-gallery-challenge.release.xcconfig */,
				8E430BF2F18118FD2D501A10 /* Pods-photo-gallery-challenge-photo-gallery-challengeUITests.debug.xcconfig */,
				FF4A61A35B0EA16D3BFED18A /* Pods-photo-gallery-challenge-photo-gallery-challengeUITests.release.xcconfig */,
				AAAFD2D9DA2A835D771D1D57 /* Pods-photo-gallery-challengeTests.debug.xcconfig */,
				B3B2B0245FE1D0C2AE829125 /* Pods-photo-gallery-challengeTests.release.xcconfig */,
			);
			path = Pods;
			sourceTree = "<group>";
		};
/* End PBXGroup section */

/* Begin PBXNativeTarget section */
		557A73652B6C58180004E978 /* photo-gallery-challenge */ = {
			isa = PBXNativeTarget;
			buildConfigurationList = 557A73932B6C581F0004E978 /* Build configuration list for PBXNativeTarget "photo-gallery-challenge" */;
			buildPhases = (
				FC43C8A9BB8B9A4C93C4D6C7 /* [CP] Check Pods Manifest.lock */,
				557A73622B6C58180004E978 /* Sources */,
				557A73632B6C58180004E978 /* Frameworks */,
				557A73642B6C58180004E978 /* Resources */,
				E0DFE802373D48B4E58AF616 /* [CP] Embed Pods Frameworks */,
			);
			buildRules = (
			);
			dependencies = (
			);
			name = "photo-gallery-challenge";
			productName = "photo-gallery-challenge";
			productReference = 557A73662B6C58180004E978 /* photo-gallery-challenge.app */;
			productType = "com.apple.product-type.application";
		};
		557A737E2B6C581F0004E978 /* photo-gallery-challengeTests */ = {
			isa = PBXNativeTarget;
			buildConfigurationList = 557A73962B6C581F0004E978 /* Build configuration list for PBXNativeTarget "photo-gallery-challengeTests" */;
			buildPhases = (
				602169BC2B7EF18FEA64DD04 /* [CP] Check Pods Manifest.lock */,
				557A737B2B6C581F0004E978 /* Sources */,
				557A737C2B6C581F0004E978 /* Frameworks */,
				557A737D2B6C581F0004E978 /* Resources */,
			);
			buildRules = (
			);
			dependencies = (
				557A73812B6C581F0004E978 /* PBXTargetDependency */,
			);
			name = "photo-gallery-challengeTests";
			productName = "photo-gallery-challengeTests";
			productReference = 557A737F2B6C581F0004E978 /* photo-gallery-challengeTests.xctest */;
			productType = "com.apple.product-type.bundle.unit-test";
		};
		557A73882B6C581F0004E978 /* photo-gallery-challengeUITests */ = {
			isa = PBXNativeTarget;
			buildConfigurationList = 557A73992B6C581F0004E978 /* Build configuration list for PBXNativeTarget "photo-gallery-challengeUITests" */;
			buildPhases = (
				AF66097DC82CBC05884138C8 /* [CP] Check Pods Manifest.lock */,
				557A73852B6C581F0004E978 /* Sources */,
				557A73862B6C581F0004E978 /* Frameworks */,
				557A73872B6C581F0004E978 /* Resources */,
				59A119C748B25D5E66246682 /* [CP] Embed Pods Frameworks */,
			);
			buildRules = (
			);
			dependencies = (
				557A738B2B6C581F0004E978 /* PBXTargetDependency */,
			);
			name = "photo-gallery-challengeUITests";
			productName = "photo-gallery-challengeUITests";
			productReference = 557A73892B6C581F0004E978 /* photo-gallery-challengeUITests.xctest */;
			productType = "com.apple.product-type.bundle.ui-testing";
		};
/* End PBXNativeTarget section */

/* Begin PBXProject section */
		557A735E2B6C58180004E978 /* Project object */ = {
			isa = PBXProject;
			attributes = {
				BuildIndependentTargetsInParallel = 1;
				LastSwiftUpdateCheck = 1310;
				LastUpgradeCheck = 1310;
				TargetAttributes = {
					557A73652B6C58180004E978 = {
						CreatedOnToolsVersion = 13.1;
					};
					557A737E2B6C581F0004E978 = {
						CreatedOnToolsVersion = 13.1;
						TestTargetID = 557A73652B6C58180004E978;
					};
					557A73882B6C581F0004E978 = {
						CreatedOnToolsVersion = 13.1;
						TestTargetID = 557A73652B6C58180004E978;
					};
				};
			};
			buildConfigurationList = 557A73612B6C58180004E978 /* Build configuration list for PBXProject "photo-gallery-challenge" */;
			compatibilityVersion = "Xcode 13.0";
			developmentRegion = en;
			hasScannedForEncodings = 0;
			knownRegions = (
				en,
				Base,
			);
			mainGroup = 557A735D2B6C58180004E978;
			productRefGroup = 557A73672B6C58180004E978 /* Products */;
			projectDirPath = "";
			projectRoot = "";
			targets = (
				557A73652B6C58180004E978 /* photo-gallery-challenge */,
				557A737E2B6C581F0004E978 /* photo-gallery-challengeTests */,
				557A73882B6C581F0004E978 /* photo-gallery-challengeUITests */,
			);
		};
/* End PBXProject section */

/* Begin PBXResourcesBuildPhase section */
		557A73642B6C58180004E978 /* Resources */ = {
			isa = PBXResourcesBuildPhase;
			buildActionMask = 2147483647;
			files = (
				557A73792B6C581E0004E978 /* LaunchScreen.storyboard in Resources */,
				55D98EB92B6FF6F500BA23FF /* gallery-icon.png in Resources */,
				5592E4C42B6EF2F800CF8BDC /* DetailViewController.xib in Resources */,
				557A73762B6C581E0004E978 /* Assets.xcassets in Resources */,
			);
			runOnlyForDeploymentPostprocessing = 0;
		};
		557A737D2B6C581F0004E978 /* Resources */ = {
			isa = PBXResourcesBuildPhase;
			buildActionMask = 2147483647;
			files = (
				5596FE0D2B7066FB0076DED6 /* GalleryPhoto.json in Resources */,
			);
			runOnlyForDeploymentPostprocessing = 0;
		};
		557A73872B6C581F0004E978 /* Resources */ = {
			isa = PBXResourcesBuildPhase;
			buildActionMask = 2147483647;
			files = (
			);
			runOnlyForDeploymentPostprocessing = 0;
		};
/* End PBXResourcesBuildPhase section */

/* Begin PBXShellScriptBuildPhase section */
		59A119C748B25D5E66246682 /* [CP] Embed Pods Frameworks */ = {
			isa = PBXShellScriptBuildPhase;
			buildActionMask = 2147483647;
			files = (
			);
			inputFileListPaths = (
				"${PODS_ROOT}/Target Support Files/Pods-photo-gallery-challenge-photo-gallery-challengeUITests/Pods-photo-gallery-challenge-photo-gallery-challengeUITests-frameworks-${CONFIGURATION}-input-files.xcfilelist",
			);
			name = "[CP] Embed Pods Frameworks";
			outputFileListPaths = (
				"${PODS_ROOT}/Target Support Files/Pods-photo-gallery-challenge-photo-gallery-challengeUITests/Pods-photo-gallery-challenge-photo-gallery-challengeUITests-frameworks-${CONFIGURATION}-output-files.xcfilelist",
			);
			runOnlyForDeploymentPostprocessing = 0;
			shellPath = /bin/sh;
			shellScript = "\"${PODS_ROOT}/Target Support Files/Pods-photo-gallery-challenge-photo-gallery-challengeUITests/Pods-photo-gallery-challenge-photo-gallery-challengeUITests-frameworks.sh\"\n";
			showEnvVarsInLog = 0;
		};
		602169BC2B7EF18FEA64DD04 /* [CP] Check Pods Manifest.lock */ = {
			isa = PBXShellScriptBuildPhase;
			buildActionMask = 2147483647;
			files = (
			);
			inputFileListPaths = (
			);
			inputPaths = (
				"${PODS_PODFILE_DIR_PATH}/Podfile.lock",
				"${PODS_ROOT}/Manifest.lock",
			);
			name = "[CP] Check Pods Manifest.lock";
			outputFileListPaths = (
			);
			outputPaths = (
				"$(DERIVED_FILE_DIR)/Pods-photo-gallery-challengeTests-checkManifestLockResult.txt",
			);
			runOnlyForDeploymentPostprocessing = 0;
			shellPath = /bin/sh;
			shellScript = "diff \"${PODS_PODFILE_DIR_PATH}/Podfile.lock\" \"${PODS_ROOT}/Manifest.lock\" > /dev/null\nif [ $? != 0 ] ; then\n    # print error to STDERR\n    echo \"error: The sandbox is not in sync with the Podfile.lock. Run 'pod install' or update your CocoaPods installation.\" >&2\n    exit 1\nfi\n# This output is used by Xcode 'outputs' to avoid re-running this script phase.\necho \"SUCCESS\" > \"${SCRIPT_OUTPUT_FILE_0}\"\n";
			showEnvVarsInLog = 0;
		};
		AF66097DC82CBC05884138C8 /* [CP] Check Pods Manifest.lock */ = {
			isa = PBXShellScriptBuildPhase;
			buildActionMask = 2147483647;
			files = (
			);
			inputFileListPaths = (
			);
			inputPaths = (
				"${PODS_PODFILE_DIR_PATH}/Podfile.lock",
				"${PODS_ROOT}/Manifest.lock",
			);
			name = "[CP] Check Pods Manifest.lock";
			outputFileListPaths = (
			);
			outputPaths = (
				"$(DERIVED_FILE_DIR)/Pods-photo-gallery-challenge-photo-gallery-challengeUITests-checkManifestLockResult.txt",
			);
			runOnlyForDeploymentPostprocessing = 0;
			shellPath = /bin/sh;
			shellScript = "diff \"${PODS_PODFILE_DIR_PATH}/Podfile.lock\" \"${PODS_ROOT}/Manifest.lock\" > /dev/null\nif [ $? != 0 ] ; then\n    # print error to STDERR\n    echo \"error: The sandbox is not in sync with the Podfile.lock. Run 'pod install' or update your CocoaPods installation.\" >&2\n    exit 1\nfi\n# This output is used by Xcode 'outputs' to avoid re-running this script phase.\necho \"SUCCESS\" > \"${SCRIPT_OUTPUT_FILE_0}\"\n";
			showEnvVarsInLog = 0;
		};
		E0DFE802373D48B4E58AF616 /* [CP] Embed Pods Frameworks */ = {
			isa = PBXShellScriptBuildPhase;
			buildActionMask = 2147483647;
			files = (
			);
			inputFileListPaths = (
				"${PODS_ROOT}/Target Support Files/Pods-photo-gallery-challenge/Pods-photo-gallery-challenge-frameworks-${CONFIGURATION}-input-files.xcfilelist",
			);
			name = "[CP] Embed Pods Frameworks";
			outputFileListPaths = (
				"${PODS_ROOT}/Target Support Files/Pods-photo-gallery-challenge/Pods-photo-gallery-challenge-frameworks-${CONFIGURATION}-output-files.xcfilelist",
			);
			runOnlyForDeploymentPostprocessing = 0;
			shellPath = /bin/sh;
			shellScript = "\"${PODS_ROOT}/Target Support Files/Pods-photo-gallery-challenge/Pods-photo-gallery-challenge-frameworks.sh\"\n";
			showEnvVarsInLog = 0;
		};
		FC43C8A9BB8B9A4C93C4D6C7 /* [CP] Check Pods Manifest.lock */ = {
			isa = PBXShellScriptBuildPhase;
			buildActionMask = 2147483647;
			files = (
			);
			inputFileListPaths = (
			);
			inputPaths = (
				"${PODS_PODFILE_DIR_PATH}/Podfile.lock",
				"${PODS_ROOT}/Manifest.lock",
			);
			name = "[CP] Check Pods Manifest.lock";
			outputFileListPaths = (
			);
			outputPaths = (
				"$(DERIVED_FILE_DIR)/Pods-photo-gallery-challenge-checkManifestLockResult.txt",
			);
			runOnlyForDeploymentPostprocessing = 0;
			shellPath = /bin/sh;
			shellScript = "diff \"${PODS_PODFILE_DIR_PATH}/Podfile.lock\" \"${PODS_ROOT}/Manifest.lock\" > /dev/null\nif [ $? != 0 ] ; then\n    # print error to STDERR\n    echo \"error: The sandbox is not in sync with the Podfile.lock. Run 'pod install' or update your CocoaPods installation.\" >&2\n    exit 1\nfi\n# This output is used by Xcode 'outputs' to avoid re-running this script phase.\necho \"SUCCESS\" > \"${SCRIPT_OUTPUT_FILE_0}\"\n";
			showEnvVarsInLog = 0;
		};
/* End PBXShellScriptBuildPhase section */

/* Begin PBXSourcesBuildPhase section */
		557A73622B6C58180004E978 /* Sources */ = {
			isa = PBXSourcesBuildPhase;
			buildActionMask = 2147483647;
			files = (
				5592E4BD2B6EE89300CF8BDC /* DetailImageViewCell.swift in Sources */,
				55964EF52B6C65C200C41B26 /* HomePresenter.swift in Sources */,
				554CFF4A2B6E98E800D63C5E /* GalleryPhotoLocal+CoreDataProperties.swift in Sources */,
				557A736A2B6C58180004E978 /* AppDelegate.swift in Sources */,
				55E195822B6D92E500922FBB /* CoreDataPhotoManager.swift in Sources */,
				55E195AF2B6DB30800922FBB /* ConnectivityService.swift in Sources */,
				5592E4C22B6EEF9400CF8BDC /* DetailInfoViewCell.swift in Sources */,
				55964EF32B6C65AB00C41B26 /* HomeRouter.swift in Sources */,
				5592E4BF2B6EED0D00CF8BDC /* BaseRouter.swift in Sources */,
				5592E4B22B6EE84500CF8BDC /* DetailInteractor.swift in Sources */,
				55AE44F62B6EA99F001547F5 /* Describable.swift in Sources */,
				557A736C2B6C58180004E978 /* SceneDelegate.swift in Sources */,
				5592E4B82B6EE86D00CF8BDC /* DetailInterfaces.swift in Sources */,
				5596FE082B7058F80076DED6 /* FileManager+Extensions.swift in Sources */,
				5592E4BB2B6EE88700CF8BDC /* DetailViewController.swift in Sources */,
				55E195A92B6DA0EF00922FBB /* NetworkManager.swift in Sources */,
				55964EF72B6C670C00C41B26 /* HomeInterfaces.swift in Sources */,
				5592E4A92B6EB45600CF8BDC /* UIViewController+Extensions.swift in Sources */,
				5592E4AB2B6EC08100CF8BDC /* LoadingScreen.swift in Sources */,
				5592E4B42B6EE85B00CF8BDC /* DetailRouter.swift in Sources */,
				554CFF4B2B6E98E800D63C5E /* GalleryPhotoLocal+CoreDataClass.swift in Sources */,
				55E195762B6D275200922FBB /* HomeViewController.swift in Sources */,
				55BFADC52B6EA6B40021859C /* PhotoViewCell.swift in Sources */,
				55E195A72B6D9DAA00922FBB /* GalleryPhoto.swift in Sources */,
				55964EF12B6C659300C41B26 /* HomeInteractor.swift in Sources */,
				554CFF432B6E986300D63C5E /* PhotoGalleryModel.xcdatamodeld in Sources */,
				55BFADC32B6EA66B0021859C /* CollectionViewHorizontalCustom.swift in Sources */,
				5592E4B62B6EE86400CF8BDC /* DetailPresenter.swift in Sources */,
				5592E4B02B6EDE9E00CF8BDC /* ErrorStrings.swift in Sources */,
				55E1957C2B6D8F7000922FBB /* CoreDataStack.swift in Sources */,
				55E195AD2B6DA1DA00922FBB /* BaseNetworkService.swift in Sources */,
				553F9C152B6FD22A00A8DFBD /* DetailButtonViewCell.swift in Sources */,
			);
			runOnlyForDeploymentPostprocessing = 0;
		};
		557A737B2B6C581F0004E978 /* Sources */ = {
			isa = PBXSourcesBuildPhase;
			buildActionMask = 2147483647;
			files = (
				55EC997C2B6FFF1900C352DE /* HomePresenterTests.swift in Sources */,
				5596FE042B70559D0076DED6 /* MockServiceManager.swift in Sources */,
				5596FE062B7055BB0076DED6 /* MockLocalStorageManager.swift in Sources */,
				5596FDFD2B7054A60076DED6 /* HomeInteractorTests.swift in Sources */,
				5596FDF92B7051D80076DED6 /* MockHomeRouter.swift in Sources */,
				5596FDF72B7051130076DED6 /* MockHomeInteractor.swift in Sources */,
				5596FDFB2B7052660076DED6 /* MockHomeView.swift in Sources */,
			);
			runOnlyForDeploymentPostprocessing = 0;
		};
		557A73852B6C581F0004E978 /* Sources */ = {
			isa = PBXSourcesBuildPhase;
			buildActionMask = 2147483647;
			files = (
				557A73902B6C581F0004E978 /* photo_gallery_challengeUITestsLaunchTests.swift in Sources */,
				557A738E2B6C581F0004E978 /* photo_gallery_challengeUITests.swift in Sources */,
			);
			runOnlyForDeploymentPostprocessing = 0;
		};
/* End PBXSourcesBuildPhase section */

/* Begin PBXTargetDependency section */
		557A73812B6C581F0004E978 /* PBXTargetDependency */ = {
			isa = PBXTargetDependency;
			target = 557A73652B6C58180004E978 /* photo-gallery-challenge */;
			targetProxy = 557A73802B6C581F0004E978 /* PBXContainerItemProxy */;
		};
		557A738B2B6C581F0004E978 /* PBXTargetDependency */ = {
			isa = PBXTargetDependency;
			target = 557A73652B6C58180004E978 /* photo-gallery-challenge */;
			targetProxy = 557A738A2B6C581F0004E978 /* PBXContainerItemProxy */;
		};
/* End PBXTargetDependency section */

/* Begin PBXVariantGroup section */
		557A73772B6C581E0004E978 /* LaunchScreen.storyboard */ = {
			isa = PBXVariantGroup;
			children = (
				557A73782B6C581E0004E978 /* Base */,
			);
			name = LaunchScreen.storyboard;
			sourceTree = "<group>";
		};
/* End PBXVariantGroup section */

/* Begin XCBuildConfiguration section */
		557A73912B6C581F0004E978 /* Debug */ = {
			isa = XCBuildConfiguration;
			buildSettings = {
				ALWAYS_SEARCH_USER_PATHS = NO;
				CLANG_ANALYZER_NONNULL = YES;
				CLANG_ANALYZER_NUMBER_OBJECT_CONVERSION = YES_AGGRESSIVE;
				CLANG_CXX_LANGUAGE_STANDARD = "gnu++17";
				CLANG_CXX_LIBRARY = "libc++";
				CLANG_ENABLE_MODULES = YES;
				CLANG_ENABLE_OBJC_ARC = YES;
				CLANG_ENABLE_OBJC_WEAK = YES;
				CLANG_WARN_BLOCK_CAPTURE_AUTORELEASING = YES;
				CLANG_WARN_BOOL_CONVERSION = YES;
				CLANG_WARN_COMMA = YES;
				CLANG_WARN_CONSTANT_CONVERSION = YES;
				CLANG_WARN_DEPRECATED_OBJC_IMPLEMENTATIONS = YES;
				CLANG_WARN_DIRECT_OBJC_ISA_USAGE = YES_ERROR;
				CLANG_WARN_DOCUMENTATION_COMMENTS = YES;
				CLANG_WARN_EMPTY_BODY = YES;
				CLANG_WARN_ENUM_CONVERSION = YES;
				CLANG_WARN_INFINITE_RECURSION = YES;
				CLANG_WARN_INT_CONVERSION = YES;
				CLANG_WARN_NON_LITERAL_NULL_CONVERSION = YES;
				CLANG_WARN_OBJC_IMPLICIT_RETAIN_SELF = YES;
				CLANG_WARN_OBJC_LITERAL_CONVERSION = YES;
				CLANG_WARN_OBJC_ROOT_CLASS = YES_ERROR;
				CLANG_WARN_QUOTED_INCLUDE_IN_FRAMEWORK_HEADER = YES;
				CLANG_WARN_RANGE_LOOP_ANALYSIS = YES;
				CLANG_WARN_STRICT_PROTOTYPES = YES;
				CLANG_WARN_SUSPICIOUS_MOVE = YES;
				CLANG_WARN_UNGUARDED_AVAILABILITY = YES_AGGRESSIVE;
				CLANG_WARN_UNREACHABLE_CODE = YES;
				CLANG_WARN__DUPLICATE_METHOD_MATCH = YES;
				COPY_PHASE_STRIP = NO;
				DEBUG_INFORMATION_FORMAT = dwarf;
				ENABLE_STRICT_OBJC_MSGSEND = YES;
				ENABLE_TESTABILITY = YES;
				GCC_C_LANGUAGE_STANDARD = gnu11;
				GCC_DYNAMIC_NO_PIC = NO;
				GCC_NO_COMMON_BLOCKS = YES;
				GCC_OPTIMIZATION_LEVEL = 0;
				GCC_PREPROCESSOR_DEFINITIONS = (
					"DEBUG=1",
					"$(inherited)",
				);
				GCC_WARN_64_TO_32_BIT_CONVERSION = YES;
				GCC_WARN_ABOUT_RETURN_TYPE = YES_ERROR;
				GCC_WARN_UNDECLARED_SELECTOR = YES;
				GCC_WARN_UNINITIALIZED_AUTOS = YES_AGGRESSIVE;
				GCC_WARN_UNUSED_FUNCTION = YES;
				GCC_WARN_UNUSED_VARIABLE = YES;
				IPHONEOS_DEPLOYMENT_TARGET = 15.0;
				MTL_ENABLE_DEBUG_INFO = INCLUDE_SOURCE;
				MTL_FAST_MATH = YES;
				ONLY_ACTIVE_ARCH = YES;
				SDKROOT = iphoneos;
				SWIFT_ACTIVE_COMPILATION_CONDITIONS = DEBUG;
				SWIFT_OPTIMIZATION_LEVEL = "-Onone";
			};
			name = Debug;
		};
		557A73922B6C581F0004E978 /* Release */ = {
			isa = XCBuildConfiguration;
			buildSettings = {
				ALWAYS_SEARCH_USER_PATHS = NO;
				CLANG_ANALYZER_NONNULL = YES;
				CLANG_ANALYZER_NUMBER_OBJECT_CONVERSION = YES_AGGRESSIVE;
				CLANG_CXX_LANGUAGE_STANDARD = "gnu++17";
				CLANG_CXX_LIBRARY = "libc++";
				CLANG_ENABLE_MODULES = YES;
				CLANG_ENABLE_OBJC_ARC = YES;
				CLANG_ENABLE_OBJC_WEAK = YES;
				CLANG_WARN_BLOCK_CAPTURE_AUTORELEASING = YES;
				CLANG_WARN_BOOL_CONVERSION = YES;
				CLANG_WARN_COMMA = YES;
				CLANG_WARN_CONSTANT_CONVERSION = YES;
				CLANG_WARN_DEPRECATED_OBJC_IMPLEMENTATIONS = YES;
				CLANG_WARN_DIRECT_OBJC_ISA_USAGE = YES_ERROR;
				CLANG_WARN_DOCUMENTATION_COMMENTS = YES;
				CLANG_WARN_EMPTY_BODY = YES;
				CLANG_WARN_ENUM_CONVERSION = YES;
				CLANG_WARN_INFINITE_RECURSION = YES;
				CLANG_WARN_INT_CONVERSION = YES;
				CLANG_WARN_NON_LITERAL_NULL_CONVERSION = YES;
				CLANG_WARN_OBJC_IMPLICIT_RETAIN_SELF = YES;
				CLANG_WARN_OBJC_LITERAL_CONVERSION = YES;
				CLANG_WARN_OBJC_ROOT_CLASS = YES_ERROR;
				CLANG_WARN_QUOTED_INCLUDE_IN_FRAMEWORK_HEADER = YES;
				CLANG_WARN_RANGE_LOOP_ANALYSIS = YES;
				CLANG_WARN_STRICT_PROTOTYPES = YES;
				CLANG_WARN_SUSPICIOUS_MOVE = YES;
				CLANG_WARN_UNGUARDED_AVAILABILITY = YES_AGGRESSIVE;
				CLANG_WARN_UNREACHABLE_CODE = YES;
				CLANG_WARN__DUPLICATE_METHOD_MATCH = YES;
				COPY_PHASE_STRIP = NO;
				DEBUG_INFORMATION_FORMAT = "dwarf-with-dsym";
				ENABLE_NS_ASSERTIONS = NO;
				ENABLE_STRICT_OBJC_MSGSEND = YES;
				GCC_C_LANGUAGE_STANDARD = gnu11;
				GCC_NO_COMMON_BLOCKS = YES;
				GCC_WARN_64_TO_32_BIT_CONVERSION = YES;
				GCC_WARN_ABOUT_RETURN_TYPE = YES_ERROR;
				GCC_WARN_UNDECLARED_SELECTOR = YES;
				GCC_WARN_UNINITIALIZED_AUTOS = YES_AGGRESSIVE;
				GCC_WARN_UNUSED_FUNCTION = YES;
				GCC_WARN_UNUSED_VARIABLE = YES;
				IPHONEOS_DEPLOYMENT_TARGET = 15.0;
				MTL_ENABLE_DEBUG_INFO = NO;
				MTL_FAST_MATH = YES;
				SDKROOT = iphoneos;
				SWIFT_COMPILATION_MODE = wholemodule;
				SWIFT_OPTIMIZATION_LEVEL = "-O";
				VALIDATE_PRODUCT = YES;
			};
			name = Release;
		};
		557A73942B6C581F0004E978 /* Debug */ = {
			isa = XCBuildConfiguration;
			baseConfigurationReference = CB1C8A9943FE4E79A786C057 /* Pods-photo-gallery-challenge.debug.xcconfig */;
			buildSettings = {
				ASSETCATALOG_COMPILER_APPICON_NAME = AppIcon;
				ASSETCATALOG_COMPILER_GLOBAL_ACCENT_COLOR_NAME = AccentColor;
				CODE_SIGN_STYLE = Automatic;
				CURRENT_PROJECT_VERSION = 1;
				GENERATE_INFOPLIST_FILE = YES;
				INFOPLIST_FILE = "photo-gallery-challenge/Info.plist";
				INFOPLIST_KEY_UIApplicationSupportsIndirectInputEvents = YES;
				INFOPLIST_KEY_UILaunchStoryboardName = LaunchScreen;
				INFOPLIST_KEY_UISupportedInterfaceOrientations_iPad = "UIInterfaceOrientationPortrait UIInterfaceOrientationPortraitUpsideDown UIInterfaceOrientationLandscapeLeft UIInterfaceOrientationLandscapeRight";
				INFOPLIST_KEY_UISupportedInterfaceOrientations_iPhone = "UIInterfaceOrientationPortrait UIInterfaceOrientationLandscapeLeft UIInterfaceOrientationLandscapeRight";
				LD_RUNPATH_SEARCH_PATHS = (
					"$(inherited)",
					"@executable_path/Frameworks",
				);
				MARKETING_VERSION = 1.0;
				PRODUCT_BUNDLE_IDENTIFIER = "com.brayam.mora.photo-gallery-challenge";
				PRODUCT_NAME = "$(TARGET_NAME)";
				SWIFT_EMIT_LOC_STRINGS = YES;
				SWIFT_VERSION = 5.0;
				TARGETED_DEVICE_FAMILY = "1,2";
			};
			name = Debug;
		};
		557A73952B6C581F0004E978 /* Release */ = {
			isa = XCBuildConfiguration;
			baseConfigurationReference = 407B134FFBCEA0FB5FF404C4 /* Pods-photo-gallery-challenge.release.xcconfig */;
			buildSettings = {
				ASSETCATALOG_COMPILER_APPICON_NAME = AppIcon;
				ASSETCATALOG_COMPILER_GLOBAL_ACCENT_COLOR_NAME = AccentColor;
				CODE_SIGN_STYLE = Automatic;
				CURRENT_PROJECT_VERSION = 1;
				GENERATE_INFOPLIST_FILE = YES;
				INFOPLIST_FILE = "photo-gallery-challenge/Info.plist";
				INFOPLIST_KEY_UIApplicationSupportsIndirectInputEvents = YES;
				INFOPLIST_KEY_UILaunchStoryboardName = LaunchScreen;
				INFOPLIST_KEY_UISupportedInterfaceOrientations_iPad = "UIInterfaceOrientationPortrait UIInterfaceOrientationPortraitUpsideDown UIInterfaceOrientationLandscapeLeft UIInterfaceOrientationLandscapeRight";
				INFOPLIST_KEY_UISupportedInterfaceOrientations_iPhone = "UIInterfaceOrientationPortrait UIInterfaceOrientationLandscapeLeft UIInterfaceOrientationLandscapeRight";
				LD_RUNPATH_SEARCH_PATHS = (
					"$(inherited)",
					"@executable_path/Frameworks",
				);
				MARKETING_VERSION = 1.0;
				PRODUCT_BUNDLE_IDENTIFIER = "com.brayam.mora.photo-gallery-challenge";
				PRODUCT_NAME = "$(TARGET_NAME)";
				SWIFT_EMIT_LOC_STRINGS = YES;
				SWIFT_VERSION = 5.0;
				TARGETED_DEVICE_FAMILY = "1,2";
			};
			name = Release;
		};
		557A73972B6C581F0004E978 /* Debug */ = {
			isa = XCBuildConfiguration;
			baseConfigurationReference = AAAFD2D9DA2A835D771D1D57 /* Pods-photo-gallery-challengeTests.debug.xcconfig */;
			buildSettings = {
				ALWAYS_EMBED_SWIFT_STANDARD_LIBRARIES = YES;
				BUNDLE_LOADER = "$(TEST_HOST)";
				CODE_SIGN_STYLE = Automatic;
				CURRENT_PROJECT_VERSION = 1;
				GENERATE_INFOPLIST_FILE = YES;
				IPHONEOS_DEPLOYMENT_TARGET = 15.0;
				LD_RUNPATH_SEARCH_PATHS = (
					"$(inherited)",
					"@executable_path/Frameworks",
					"@loader_path/Frameworks",
				);
				MARKETING_VERSION = 1.0;
				PRODUCT_BUNDLE_IDENTIFIER = "com.brayam.mora.photo-gallery-challengeTests";
				PRODUCT_NAME = "$(TARGET_NAME)";
				SWIFT_EMIT_LOC_STRINGS = NO;
				SWIFT_VERSION = 5.0;
				TARGETED_DEVICE_FAMILY = "1,2";
				TEST_HOST = "$(BUILT_PRODUCTS_DIR)/photo-gallery-challenge.app/photo-gallery-challenge";
			};
			name = Debug;
		};
		557A73982B6C581F0004E978 /* Release */ = {
			isa = XCBuildConfiguration;
			baseConfigurationReference = B3B2B0245FE1D0C2AE829125 /* Pods-photo-gallery-challengeTests.release.xcconfig */;
			buildSettings = {
				ALWAYS_EMBED_SWIFT_STANDARD_LIBRARIES = YES;
				BUNDLE_LOADER = "$(TEST_HOST)";
				CODE_SIGN_STYLE = Automatic;
				CURRENT_PROJECT_VERSION = 1;
				GENERATE_INFOPLIST_FILE = YES;
				IPHONEOS_DEPLOYMENT_TARGET = 15.0;
				LD_RUNPATH_SEARCH_PATHS = (
					"$(inherited)",
					"@executable_path/Frameworks",
					"@loader_path/Frameworks",
				);
				MARKETING_VERSION = 1.0;
				PRODUCT_BUNDLE_IDENTIFIER = "com.brayam.mora.photo-gallery-challengeTests";
				PRODUCT_NAME = "$(TARGET_NAME)";
				SWIFT_EMIT_LOC_STRINGS = NO;
				SWIFT_VERSION = 5.0;
				TARGETED_DEVICE_FAMILY = "1,2";
				TEST_HOST = "$(BUILT_PRODUCTS_DIR)/photo-gallery-challenge.app/photo-gallery-challenge";
			};
			name = Release;
		};
		557A739A2B6C581F0004E978 /* Debug */ = {
			isa = XCBuildConfiguration;
			baseConfigurationReference = 8E430BF2F18118FD2D501A10 /* Pods-photo-gallery-challenge-photo-gallery-challengeUITests.debug.xcconfig */;
			buildSettings = {
				ALWAYS_EMBED_SWIFT_STANDARD_LIBRARIES = YES;
				CODE_SIGN_STYLE = Automatic;
				CURRENT_PROJECT_VERSION = 1;
				GENERATE_INFOPLIST_FILE = YES;
				LD_RUNPATH_SEARCH_PATHS = (
					"$(inherited)",
					"@executable_path/Frameworks",
					"@loader_path/Frameworks",
				);
				MARKETING_VERSION = 1.0;
				PRODUCT_BUNDLE_IDENTIFIER = "com.brayam.mora.photo-gallery-challengeUITests";
				PRODUCT_NAME = "$(TARGET_NAME)";
				SWIFT_EMIT_LOC_STRINGS = NO;
				SWIFT_VERSION = 5.0;
				TARGETED_DEVICE_FAMILY = "1,2";
				TEST_TARGET_NAME = "photo-gallery-challenge";
			};
			name = Debug;
		};
		557A739B2B6C581F0004E978 /* Release */ = {
			isa = XCBuildConfiguration;
			baseConfigurationReference = FF4A61A35B0EA16D3BFED18A /* Pods-photo-gallery-challenge-photo-gallery-challengeUITests.release.xcconfig */;
			buildSettings = {
				ALWAYS_EMBED_SWIFT_STANDARD_LIBRARIES = YES;
				CODE_SIGN_STYLE = Automatic;
				CURRENT_PROJECT_VERSION = 1;
				GENERATE_INFOPLIST_FILE = YES;
				LD_RUNPATH_SEARCH_PATHS = (
					"$(inherited)",
					"@executable_path/Frameworks",
					"@loader_path/Frameworks",
				);
				MARKETING_VERSION = 1.0;
				PRODUCT_BUNDLE_IDENTIFIER = "com.brayam.mora.photo-gallery-challengeUITests";
				PRODUCT_NAME = "$(TARGET_NAME)";
				SWIFT_EMIT_LOC_STRINGS = NO;
				SWIFT_VERSION = 5.0;
				TARGETED_DEVICE_FAMILY = "1,2";
				TEST_TARGET_NAME = "photo-gallery-challenge";
			};
			name = Release;
		};
/* End XCBuildConfiguration section */

/* Begin XCConfigurationList section */
		557A73612B6C58180004E978 /* Build configuration list for PBXProject "photo-gallery-challenge" */ = {
			isa = XCConfigurationList;
			buildConfigurations = (
				557A73912B6C581F0004E978 /* Debug */,
				557A73922B6C581F0004E978 /* Release */,
			);
			defaultConfigurationIsVisible = 0;
			defaultConfigurationName = Release;
		};
		557A73932B6C581F0004E978 /* Build configuration list for PBXNativeTarget "photo-gallery-challenge" */ = {
			isa = XCConfigurationList;
			buildConfigurations = (
				557A73942B6C581F0004E978 /* Debug */,
				557A73952B6C581F0004E978 /* Release */,
			);
			defaultConfigurationIsVisible = 0;
			defaultConfigurationName = Release;
		};
		557A73962B6C581F0004E978 /* Build configuration list for PBXNativeTarget "photo-gallery-challengeTests" */ = {
			isa = XCConfigurationList;
			buildConfigurations = (
				557A73972B6C581F0004E978 /* Debug */,
				557A73982B6C581F0004E978 /* Release */,
			);
			defaultConfigurationIsVisible = 0;
			defaultConfigurationName = Release;
		};
		557A73992B6C581F0004E978 /* Build configuration list for PBXNativeTarget "photo-gallery-challengeUITests" */ = {
			isa = XCConfigurationList;
			buildConfigurations = (
				557A739A2B6C581F0004E978 /* Debug */,
				557A739B2B6C581F0004E978 /* Release */,
			);
			defaultConfigurationIsVisible = 0;
			defaultConfigurationName = Release;
		};
/* End XCConfigurationList section */

/* Begin XCVersionGroup section */
		554CFF412B6E986300D63C5E /* PhotoGalleryModel.xcdatamodeld */ = {
			isa = XCVersionGroup;
			children = (
				554CFF422B6E986300D63C5E /* PhotoGalleryModel.xcdatamodel */,
			);
			currentVersion = 554CFF422B6E986300D63C5E /* PhotoGalleryModel.xcdatamodel */;
			path = PhotoGalleryModel.xcdatamodeld;
			sourceTree = "<group>";
			versionGroupType = wrapper.xcdatamodel;
		};
/* End XCVersionGroup section */
	};
	rootObject = 557A735E2B6C58180004E978 /* Project object */;
}
